
Microsoft Visual Studio Solution File, Format Version 12.00
# Visual Studio Version 16
VisualStudioVersion = 16.0.29728.190
MinimumVisualStudioVersion = 10.0.40219.1
Project("{2150E333-8FDC-42A3-9474-1A3956D46DE8}") = "LUIS Models", "LUIS Models", "{EC9301DE-9E63-48B2-BB33-120E83B903DF}"
	ProjectSection(SolutionItems) = preProject
		BotFramework3\LUIS Models\ContactInfo.json = BotFramework3\LUIS Models\ContactInfo.json
	EndProjectSection
EndProject
Project("{2150E333-8FDC-42A3-9474-1A3956D46DE8}") = "Solution Items", "Solution Items", "{45631B45-A16C-4EBA-BB76-7CDC85577934}"
	ProjectSection(SolutionItems) = preProject
		README.md = README.md
	EndProjectSection
EndProject
Project("{2150E333-8FDC-42A3-9474-1A3956D46DE8}") = "Presentations", "Presentations", "{69D8D6E0-4555-4FDB-95B2-A5ABA6BCD70E}"
	ProjectSection(SolutionItems) = preProject
		BotFramework3\Presentations\AzureBotService.pptx = BotFramework3\Presentations\AzureBotService.pptx
		BotFramework3\Presentations\BotFrameworkTactics.pptx = BotFramework3\Presentations\BotFrameworkTactics.pptx
		BotFramework3\Presentations\IntroBotFramework.pptx = BotFramework3\Presentations\IntroBotFramework.pptx
	EndProjectSection
EndProject
Project("{2150E333-8FDC-42A3-9474-1A3956D46DE8}") = "BotFramework3", "BotFramework3", "{66761CE2-4926-4A7B-8987-214737EA07DF}"
EndProject
Project("{2150E333-8FDC-42A3-9474-1A3956D46DE8}") = "BotFramework4", "BotFramework4", "{C2C71A4B-6BF9-4DA5-9A3B-E8B9A239E807}"
EndProject
Project("{FAE04EC0-301F-11D3-BF4B-00C04F79EFBC}") = "BugDialogBot", "BotFramework3\BugDialogBot\BugDialogBot.csproj", "{BCAC5414-6E58-4190-9C59-9DDAF0596B4E}"
EndProject
Project("{FAE04EC0-301F-11D3-BF4B-00C04F79EFBC}") = "BugFormFlowBot1", "BotFramework3\BugFormFlowBot1\BugFormFlowBot1.csproj", "{3DEEE0AE-FB44-4114-9B76-9C3C09F8C5BE}"
EndProject
Project("{FAE04EC0-301F-11D3-BF4B-00C04F79EFBC}") = "BugFormFlowBot2", "BotFramework3\BugFormFlowBot2\BugFormFlowBot2.csproj", "{FE73F91A-89E3-4B63-BA21-2D6FCD9D1480}"
EndProject
Project("{FAE04EC0-301F-11D3-BF4B-00C04F79EFBC}") = "ContactInfoBot", "BotFramework3\ContactInfoBot\ContactInfoBot.csproj", "{3E32D198-EF58-4AEC-A682-E754D8809966}"
EndProject
Project("{FAE04EC0-301F-11D3-BF4B-00C04F79EFBC}") = "LinqToTwitterFAQ", "BotFramework3\LinqToTwitterFAQ\LinqToTwitterFAQ.csproj", "{7DA2343B-3CE2-4C7F-B1E0-F7A7B8E35B8E}"
EndProject
Project("{FAE04EC0-301F-11D3-BF4B-00C04F79EFBC}") = "PCBot", "BotFramework3\PCBot\PCBot.csproj", "{CBCD3EA9-68A6-413A-B0C3-BEC8BBFC3FF5}"
EndProject
Project("{FAE04EC0-301F-11D3-BF4B-00C04F79EFBC}") = "PigLatinBot", "BotFramework3\PigLatinBot\PigLatinBot.csproj", "{A8BA1066-5695-4D71-ABB4-65E5A5E0C3D4}"
EndProject
Project("{9A19103F-16F7-4668-BE54-9A1E7A4F7556}") = "BugDialogBot", "BotFramework4\BugDialogBot\BugDialogBot.csproj", "{7C6A1D9A-6C4E-4A7D-8DB5-EB2D85E5D4B4}"
EndProject
Project("{FAE04EC0-301F-11D3-BF4B-00C04F79EFBC}") = "ContactInfoBot", "BotFramework4\ContactInfoBot\ContactInfoBot.csproj", "{2B3C15B0-20BA-4546-89D9-725A2DC1634A}"
EndProject
Project("{9A19103F-16F7-4668-BE54-9A1E7A4F7556}") = "PigLatinBot", "BotFramework4\PigLatinBot\PigLatinBot.csproj", "{F8DA71BE-DA6D-40C0-999B-C0F0FEF325A2}"
EndProject
Global
	GlobalSection(SolutionConfigurationPlatforms) = preSolution
		Debug|Any CPU = Debug|Any CPU
		Release|Any CPU = Release|Any CPU
	EndGlobalSection
	GlobalSection(ProjectConfigurationPlatforms) = postSolution
		{BCAC5414-6E58-4190-9C59-9DDAF0596B4E}.Debug|Any CPU.ActiveCfg = Debug|Any CPU
		{BCAC5414-6E58-4190-9C59-9DDAF0596B4E}.Debug|Any CPU.Build.0 = Debug|Any CPU
		{BCAC5414-6E58-4190-9C59-9DDAF0596B4E}.Release|Any CPU.ActiveCfg = Release|Any CPU
		{BCAC5414-6E58-4190-9C59-9DDAF0596B4E}.Release|Any CPU.Build.0 = Release|Any CPU
		{3DEEE0AE-FB44-4114-9B76-9C3C09F8C5BE}.Debug|Any CPU.ActiveCfg = Debug|Any CPU
		{3DEEE0AE-FB44-4114-9B76-9C3C09F8C5BE}.Debug|Any CPU.Build.0 = Debug|Any CPU
		{3DEEE0AE-FB44-4114-9B76-9C3C09F8C5BE}.Release|Any CPU.ActiveCfg = Release|Any CPU
		{3DEEE0AE-FB44-4114-9B76-9C3C09F8C5BE}.Release|Any CPU.Build.0 = Release|Any CPU
		{FE73F91A-89E3-4B63-BA21-2D6FCD9D1480}.Debug|Any CPU.ActiveCfg = Debug|Any CPU
		{FE73F91A-89E3-4B63-BA21-2D6FCD9D1480}.Debug|Any CPU.Build.0 = Debug|Any CPU
		{FE73F91A-89E3-4B63-BA21-2D6FCD9D1480}.Release|Any CPU.ActiveCfg = Release|Any CPU
		{FE73F91A-89E3-4B63-BA21-2D6FCD9D1480}.Release|Any CPU.Build.0 = Release|Any CPU
		{3E32D198-EF58-4AEC-A682-E754D8809966}.Debug|Any CPU.ActiveCfg = Debug|Any CPU
		{3E32D198-EF58-4AEC-A682-E754D8809966}.Debug|Any CPU.Build.0 = Debug|Any CPU
		{3E32D198-EF58-4AEC-A682-E754D8809966}.Release|Any CPU.ActiveCfg = Release|Any CPU
		{3E32D198-EF58-4AEC-A682-E754D8809966}.Release|Any CPU.Build.0 = Release|Any CPU
		{7DA2343B-3CE2-4C7F-B1E0-F7A7B8E35B8E}.Debug|Any CPU.ActiveCfg = Debug|Any CPU
		{7DA2343B-3CE2-4C7F-B1E0-F7A7B8E35B8E}.Debug|Any CPU.Build.0 = Debug|Any CPU
		{7DA2343B-3CE2-4C7F-B1E0-F7A7B8E35B8E}.Release|Any CPU.ActiveCfg = Release|Any CPU
		{7DA2343B-3CE2-4C7F-B1E0-F7A7B8E35B8E}.Release|Any CPU.Build.0 = Release|Any CPU
		{CBCD3EA9-68A6-413A-B0C3-BEC8BBFC3FF5}.Debug|Any CPU.ActiveCfg = Debug|Any CPU
		{CBCD3EA9-68A6-413A-B0C3-BEC8BBFC3FF5}.Debug|Any CPU.Build.0 = Debug|Any CPU
		{CBCD3EA9-68A6-413A-B0C3-BEC8BBFC3FF5}.Release|Any CPU.ActiveCfg = Release|Any CPU
		{CBCD3EA9-68A6-413A-B0C3-BEC8BBFC3FF5}.Release|Any CPU.Build.0 = Release|Any CPU
		{A8BA1066-5695-4D71-ABB4-65E5A5E0C3D4}.Debug|Any CPU.ActiveCfg = Debug|Any CPU
		{A8BA1066-5695-4D71-ABB4-65E5A5E0C3D4}.Debug|Any CPU.Build.0 = Debug|Any CPU
		{A8BA1066-5695-4D71-ABB4-65E5A5E0C3D4}.Release|Any CPU.ActiveCfg = Release|Any CPU
		{A8BA1066-5695-4D71-ABB4-65E5A5E0C3D4}.Release|Any CPU.Build.0 = Release|Any CPU
		{7C6A1D9A-6C4E-4A7D-8DB5-EB2D85E5D4B4}.Debug|Any CPU.ActiveCfg = Debug|Any CPU
		{7C6A1D9A-6C4E-4A7D-8DB5-EB2D85E5D4B4}.Debug|Any CPU.Build.0 = Debug|Any CPU
		{7C6A1D9A-6C4E-4A7D-8DB5-EB2D85E5D4B4}.Release|Any CPU.ActiveCfg = Release|Any CPU
		{7C6A1D9A-6C4E-4A7D-8DB5-EB2D85E5D4B4}.Release|Any CPU.Build.0 = Release|Any CPU
		{2B3C15B0-20BA-4546-89D9-725A2DC1634A}.Debug|Any CPU.ActiveCfg = Debug|Any CPU
		{2B3C15B0-20BA-4546-89D9-725A2DC1634A}.Debug|Any CPU.Build.0 = Debug|Any CPU
		{2B3C15B0-20BA-4546-89D9-725A2DC1634A}.Release|Any CPU.ActiveCfg = Release|Any CPU
		{2B3C15B0-20BA-4546-89D9-725A2DC1634A}.Release|Any CPU.Build.0 = Release|Any CPU
		{F8DA71BE-DA6D-40C0-999B-C0F0FEF325A2}.Debug|Any CPU.ActiveCfg = Debug|Any CPU
		{F8DA71BE-DA6D-40C0-999B-C0F0FEF325A2}.Debug|Any CPU.Build.0 = Debug|Any CPU
		{F8DA71BE-DA6D-40C0-999B-C0F0FEF325A2}.Release|Any CPU.ActiveCfg = Release|Any CPU
		{F8DA71BE-DA6D-40C0-999B-C0F0FEF325A2}.Release|Any CPU.Build.0 = Release|Any CPU
	EndGlobalSection
	GlobalSection(SolutionProperties) = preSolution
		HideSolutionNode = FALSE
	EndGlobalSection
	GlobalSection(NestedProjects) = preSolution
		{EC9301DE-9E63-48B2-BB33-120E83B903DF} = {66761CE2-4926-4A7B-8987-214737EA07DF}
		{69D8D6E0-4555-4FDB-95B2-A5ABA6BCD70E} = {66761CE2-4926-4A7B-8987-214737EA07DF}
		{BCAC5414-6E58-4190-9C59-9DDAF0596B4E} = {66761CE2-4926-4A7B-8987-214737EA07DF}
		{3DEEE0AE-FB44-4114-9B76-9C3C09F8C5BE} = {66761CE2-4926-4A7B-8987-214737EA07DF}
		{FE73F91A-89E3-4B63-BA21-2D6FCD9D1480} = {66761CE2-4926-4A7B-8987-214737EA07DF}
		{3E32D198-EF58-4AEC-A682-E754D8809966} = {66761CE2-4926-4A7B-8987-214737EA07DF}
		{7DA2343B-3CE2-4C7F-B1E0-F7A7B8E35B8E} = {66761CE2-4926-4A7B-8987-214737EA07DF}
		{CBCD3EA9-68A6-413A-B0C3-BEC8BBFC3FF5} = {66761CE2-4926-4A7B-8987-214737EA07DF}
		{A8BA1066-5695-4D71-ABB4-65E5A5E0C3D4} = {66761CE2-4926-4A7B-8987-214737EA07DF}
		{7C6A1D9A-6C4E-4A7D-8DB5-EB2D85E5D4B4} = {C2C71A4B-6BF9-4DA5-9A3B-E8B9A239E807}
		{2B3C15B0-20BA-4546-89D9-725A2DC1634A} = {C2C71A4B-6BF9-4DA5-9A3B-E8B9A239E807}
		{F8DA71BE-DA6D-40C0-999B-C0F0FEF325A2} = {C2C71A4B-6BF9-4DA5-9A3B-E8B9A239E807}
	EndGlobalSection
	GlobalSection(ExtensibilityGlobals) = postSolution
		SolutionGuid = {CB7096EC-5AA2-4306-A232-DAF3BE125568}
	EndGlobalSection
EndGlobal
