
Microsoft Visual Studio Solution File, Format Version 12.00
# Visual Studio 14
VisualStudioVersion = 14.0.25123.0
MinimumVisualStudioVersion = 10.0.40219.1
Project("{FAE04EC0-301F-11D3-BF4B-00C04F79EFBC}") = "PigLatinBot", "PigLatinBot\PigLatinBot.csproj", "{A8BA1066-5695-4D71-ABB4-65E5A5E0C3D4}"
EndProject
Project("{FAE04EC0-301F-11D3-BF4B-00C04F79EFBC}") = "PCBot", "PCBot\PCBot.csproj", "{CBCD3EA9-68A6-413A-B0C3-BEC8BBFC3FF5}"
EndProject
Project("{FAE04EC0-301F-11D3-BF4B-00C04F79EFBC}") = "BugDialogBot", "BugDialogBot\BugDialogBot.csproj", "{BCAC5414-6E58-4190-9C59-9DDAF0596B4E}"
EndProject
Project("{FAE04EC0-301F-11D3-BF4B-00C04F79EFBC}") = "BugFormFlowBot1", "BugFormFlowBot1\BugFormFlowBot1.csproj", "{3DEEE0AE-FB44-4114-9B76-9C3C09F8C5BE}"
EndProject
Project("{FAE04EC0-301F-11D3-BF4B-00C04F79EFBC}") = "BugFormFlowBot2", "BugFormFlowBot2\BugFormFlowBot2.csproj", "{FE73F91A-89E3-4B63-BA21-2D6FCD9D1480}"
EndProject
Project("{FAE04EC0-301F-11D3-BF4B-00C04F79EFBC}") = "ContactInfoBot", "ContactInfoBot\ContactInfoBot.csproj", "{675BCCBE-3E45-4E19-965D-1DA43A6CA5CE}"
EndProject
Project("{2150E333-8FDC-42A3-9474-1A3956D46DE8}") = "LUIS Models", "LUIS Models", "{EC9301DE-9E63-48B2-BB33-120E83B903DF}"
	ProjectSection(SolutionItems) = preProject
		LUIS Models\ContactInfo.json = LUIS Models\ContactInfo.json
	EndProjectSection
EndProject
Project("{2150E333-8FDC-42A3-9474-1A3956D46DE8}") = "Solution Items", "Solution Items", "{45631B45-A16C-4EBA-BB76-7CDC85577934}"
	ProjectSection(SolutionItems) = preProject
		README.md = README.md
	EndProjectSection
EndProject
Global
	GlobalSection(SolutionConfigurationPlatforms) = preSolution
		Debug|Any CPU = Debug|Any CPU
		Release|Any CPU = Release|Any CPU
	EndGlobalSection
	GlobalSection(ProjectConfigurationPlatforms) = postSolution
		{A8BA1066-5695-4D71-ABB4-65E5A5E0C3D4}.Debug|Any CPU.ActiveCfg = Debug|Any CPU
		{A8BA1066-5695-4D71-ABB4-65E5A5E0C3D4}.Debug|Any CPU.Build.0 = Debug|Any CPU
		{A8BA1066-5695-4D71-ABB4-65E5A5E0C3D4}.Release|Any CPU.ActiveCfg = Release|Any CPU
		{A8BA1066-5695-4D71-ABB4-65E5A5E0C3D4}.Release|Any CPU.Build.0 = Release|Any CPU
		{CBCD3EA9-68A6-413A-B0C3-BEC8BBFC3FF5}.Debug|Any CPU.ActiveCfg = Debug|Any CPU
		{CBCD3EA9-68A6-413A-B0C3-BEC8BBFC3FF5}.Debug|Any CPU.Build.0 = Debug|Any CPU
		{CBCD3EA9-68A6-413A-B0C3-BEC8BBFC3FF5}.Release|Any CPU.ActiveCfg = Release|Any CPU
		{CBCD3EA9-68A6-413A-B0C3-BEC8BBFC3FF5}.Release|Any CPU.Build.0 = Release|Any CPU
		{BCAC5414-6E58-4190-9C59-9DDAF0596B4E}.Debug|Any CPU.ActiveCfg = Debug|Any CPU
		{BCAC5414-6E58-4190-9C59-9DDAF0596B4E}.Debug|Any CPU.Build.0 = Debug|Any CPU
		{BCAC5414-6E58-4190-9C59-9DDAF0596B4E}.Release|Any CPU.ActiveCfg = Release|Any CPU
		{BCAC5414-6E58-4190-9C59-9DDAF0596B4E}.Release|Any CPU.Build.0 = Release|Any CPU
		{3DEEE0AE-FB44-4114-9B76-9C3C09F8C5BE}.Debug|Any CPU.ActiveCfg = Debug|Any CPU
		{3DEEE0AE-FB44-4114-9B76-9C3C09F8C5BE}.Debug|Any CPU.Build.0 = Debug|Any CPU
		{3DEEE0AE-FB44-4114-9B76-9C3C09F8C5BE}.Release|Any CPU.ActiveCfg = Release|Any CPU
		{3DEEE0AE-FB44-4114-9B76-9C3C09F8C5BE}.Release|Any CPU.Build.0 = Release|Any CPU
		{FE73F91A-89E3-4B63-BA21-2D6FCD9D1480}.Debug|Any CPU.ActiveCfg = Debug|Any CPU
		{FE73F91A-89E3-4B63-BA21-2D6FCD9D1480}.Debug|Any CPU.Build.0 = Debug|Any CPU
		{FE73F91A-89E3-4B63-BA21-2D6FCD9D1480}.Release|Any CPU.ActiveCfg = Release|Any CPU
		{FE73F91A-89E3-4B63-BA21-2D6FCD9D1480}.Release|Any CPU.Build.0 = Release|Any CPU
		{675BCCBE-3E45-4E19-965D-1DA43A6CA5CE}.Debug|Any CPU.ActiveCfg = Debug|Any CPU
		{675BCCBE-3E45-4E19-965D-1DA43A6CA5CE}.Debug|Any CPU.Build.0 = Debug|Any CPU
		{675BCCBE-3E45-4E19-965D-1DA43A6CA5CE}.Release|Any CPU.ActiveCfg = Release|Any CPU
		{675BCCBE-3E45-4E19-965D-1DA43A6CA5CE}.Release|Any CPU.Build.0 = Release|Any CPU
	EndGlobalSection
	GlobalSection(SolutionProperties) = preSolution
		HideSolutionNode = FALSE
	EndGlobalSection
EndGlobal
